// !$*UTF8*$!
{
	archiveVersion = 1;
	classes = {
	};
	objectVersion = 50;
	objects = {

/* Begin PBXBuildFile section */
		9AB4C69320AC008C00A6309C /* AppDelegate.m in Sources */ = {isa = PBXBuildFile; fileRef = 9AB4C69220AC008C00A6309C /* AppDelegate.m */; };
		9AB4C69620AC008C00A6309C /* ViewController.m in Sources */ = {isa = PBXBuildFile; fileRef = 9AB4C69520AC008C00A6309C /* ViewController.m */; };
		9AB4C69920AC008C00A6309C /* Main.storyboard in Resources */ = {isa = PBXBuildFile; fileRef = 9AB4C69720AC008C00A6309C /* Main.storyboard */; };
		9AB4C69B20AC008D00A6309C /* Assets.xcassets in Resources */ = {isa = PBXBuildFile; fileRef = 9AB4C69A20AC008D00A6309C /* Assets.xcassets */; };
		9AB4C69E20AC008D00A6309C /* LaunchScreen.storyboard in Resources */ = {isa = PBXBuildFile; fileRef = 9AB4C69C20AC008D00A6309C /* LaunchScreen.storyboard */; };
		9AB4C6A120AC008D00A6309C /* main.m in Sources */ = {isa = PBXBuildFile; fileRef = 9AB4C6A020AC008D00A6309C /* main.m */; };
		9AB4C6AB20AC008D00A6309C /* ______Tests.m in Sources */ = {isa = PBXBuildFile; fileRef = 9AB4C6AA20AC008D00A6309C /* ______Tests.m */; };
		9AB4C6B620AC008D00A6309C /* ______UITests.m in Sources */ = {isa = PBXBuildFile; fileRef = 9AB4C6B520AC008D00A6309C /* ______UITests.m */; };
		9AB4C6C520AC01A100A6309C /* CalculatorMaker.m in Sources */ = {isa = PBXBuildFile; fileRef = 9AB4C6C420AC01A100A6309C /* CalculatorMaker.m */; };
		9AB4C6C720AC056500A6309C /* KVO实现原理.png in Resources */ = {isa = PBXBuildFile; fileRef = 9AB4C6C620AC056500A6309C /* KVO实现原理.png */; };
		9AB4C6CA20AC058F00A6309C /* KVOClass.m in Sources */ = {isa = PBXBuildFile; fileRef = 9AB4C6C920AC058F00A6309C /* KVOClass.m */; };
		9AB4C6CD20AC186800A6309C /* Calculator.m in Sources */ = {isa = PBXBuildFile; fileRef = 9AB4C6CC20AC186800A6309C /* Calculator.m */; };
/* End PBXBuildFile section */

/* Begin PBXContainerItemProxy section */
		9AB4C6A720AC008D00A6309C /* PBXContainerItemProxy */ = {
			isa = PBXContainerItemProxy;
			containerPortal = 9AB4C68620AC008C00A6309C /* Project object */;
			proxyType = 1;
			remoteGlobalIDString = 9AB4C68D20AC008C00A6309C;
			remoteInfo = "编程思想练习";
		};
		9AB4C6B220AC008D00A6309C /* PBXContainerItemProxy */ = {
			isa = PBXContainerItemProxy;
			containerPortal = 9AB4C68620AC008C00A6309C /* Project object */;
			proxyType = 1;
			remoteGlobalIDString = 9AB4C68D20AC008C00A6309C;
			remoteInfo = "编程思想练习";
		};
/* End PBXContainerItemProxy section */

/* Begin PBXFileReference section */
		9AB4C68E20AC008C00A6309C /* 编程思想练习.app */ = {isa = PBXFileReference; explicitFileType = wrapper.application; includeInIndex = 0; path = "编程思想练习.app"; sourceTree = BUILT_PRODUCTS_DIR; };
		9AB4C69120AC008C00A6309C /* AppDelegate.h */ = {isa = PBXFileReference; lastKnownFileType = sourcecode.c.h; path = AppDelegate.h; sourceTree = "<group>"; };
		9AB4C69220AC008C00A6309C /* AppDelegate.m */ = {isa = PBXFileReference; lastKnownFileType = sourcecode.c.objc; path = AppDelegate.m; sourceTree = "<group>"; };
		9AB4C69420AC008C00A6309C /* ViewController.h */ = {isa = PBXFileReference; lastKnownFileType = sourcecode.c.h; path = ViewController.h; sourceTree = "<group>"; };
		9AB4C69520AC008C00A6309C /* ViewController.m */ = {isa = PBXFileReference; lastKnownFileType = sourcecode.c.objc; path = ViewController.m; sourceTree = "<group>"; };
		9AB4C69820AC008C00A6309C /* Base */ = {isa = PBXFileReference; lastKnownFileType = file.storyboard; name = Base; path = Base.lproj/Main.storyboard; sourceTree = "<group>"; };
		9AB4C69A20AC008D00A6309C /* Assets.xcassets */ = {isa = PBXFileReference; lastKnownFileType = folder.assetcatalog; path = Assets.xcassets; sourceTree = "<group>"; };
		9AB4C69D20AC008D00A6309C /* Base */ = {isa = PBXFileReference; lastKnownFileType = file.storyboard; name = Base; path = Base.lproj/LaunchScreen.storyboard; sourceTree = "<group>"; };
		9AB4C69F20AC008D00A6309C /* Info.plist */ = {isa = PBXFileReference; lastKnownFileType = text.plist.xml; path = Info.plist; sourceTree = "<group>"; };
		9AB4C6A020AC008D00A6309C /* main.m */ = {isa = PBXFileReference; lastKnownFileType = sourcecode.c.objc; path = main.m; sourceTree = "<group>"; };
		9AB4C6A620AC008D00A6309C /* 编程思想练习Tests.xctest */ = {isa = PBXFileReference; explicitFileType = wrapper.cfbundle; includeInIndex = 0; path = "编程思想练习Tests.xctest"; sourceTree = BUILT_PRODUCTS_DIR; };
		9AB4C6AA20AC008D00A6309C /* ______Tests.m */ = {isa = PBXFileReference; lastKnownFileType = sourcecode.c.objc; path = "______Tests.m"; sourceTree = "<group>"; };
		9AB4C6AC20AC008D00A6309C /* Info.plist */ = {isa = PBXFileReference; lastKnownFileType = text.plist.xml; path = Info.plist; sourceTree = "<group>"; };
		9AB4C6B120AC008D00A6309C /* 编程思想练习UITests.xctest */ = {isa = PBXFileReference; explicitFileType = wrapper.cfbundle; includeInIndex = 0; path = "编程思想练习UITests.xctest"; sourceTree = BUILT_PRODUCTS_DIR; };
		9AB4C6B520AC008D00A6309C /* ______UITests.m */ = {isa = PBXFileReference; lastKnownFileType = sourcecode.c.objc; path = "______UITests.m"; sourceTree = "<group>"; };
		9AB4C6B720AC008D00A6309C /* Info.plist */ = {isa = PBXFileReference; lastKnownFileType = text.plist.xml; path = Info.plist; sourceTree = "<group>"; };
		9AB4C6C320AC01A100A6309C /* CalculatorMaker.h */ = {isa = PBXFileReference; lastKnownFileType = sourcecode.c.h; path = CalculatorMaker.h; sourceTree = "<group>"; };
		9AB4C6C420AC01A100A6309C /* CalculatorMaker.m */ = {isa = PBXFileReference; lastKnownFileType = sourcecode.c.objc; path = CalculatorMaker.m; sourceTree = "<group>"; };
		9AB4C6C620AC056500A6309C /* KVO实现原理.png */ = {isa = PBXFileReference; lastKnownFileType = image.png; path = "KVO实现原理.png"; sourceTree = "<group>"; };
		9AB4C6C820AC058F00A6309C /* KVOClass.h */ = {isa = PBXFileReference; lastKnownFileType = sourcecode.c.h; path = KVOClass.h; sourceTree = "<group>"; };
		9AB4C6C920AC058F00A6309C /* KVOClass.m */ = {isa = PBXFileReference; lastKnownFileType = sourcecode.c.objc; path = KVOClass.m; sourceTree = "<group>"; };
		9AB4C6CB20AC186800A6309C /* Calculator.h */ = {isa = PBXFileReference; lastKnownFileType = sourcecode.c.h; path = Calculator.h; sourceTree = "<group>"; };
		9AB4C6CC20AC186800A6309C /* Calculator.m */ = {isa = PBXFileReference; lastKnownFileType = sourcecode.c.objc; path = Calculator.m; sourceTree = "<group>"; };
/* End PBXFileReference section */

/* Begin PBXFrameworksBuildPhase section */
		9AB4C68B20AC008C00A6309C /* Frameworks */ = {
			isa = PBXFrameworksBuildPhase;
			buildActionMask = 2147483647;
			files = (
			);
			runOnlyForDeploymentPostprocessing = 0;
		};
		9AB4C6A320AC008D00A6309C /* Frameworks */ = {
			isa = PBXFrameworksBuildPhase;
			buildActionMask = 2147483647;
			files = (
			);
			runOnlyForDeploymentPostprocessing = 0;
		};
		9AB4C6AE20AC008D00A6309C /* Frameworks */ = {
			isa = PBXFrameworksBuildPhase;
			buildActionMask = 2147483647;
			files = (
			);
			runOnlyForDeploymentPostprocessing = 0;
		};
/* End PBXFrameworksBuildPhase section */

/* Begin PBXGroup section */
		9AB4C68520AC008C00A6309C = {
			isa = PBXGroup;
			children = (
				9AB4C69020AC008C00A6309C /* 编程思想练习 */,
				9AB4C6A920AC008D00A6309C /* 编程思想练习Tests */,
				9AB4C6B420AC008D00A6309C /* 编程思想练习UITests */,
				9AB4C68F20AC008C00A6309C /* Products */,
			);
			sourceTree = "<group>";
		};
		9AB4C68F20AC008C00A6309C /* Products */ = {
			isa = PBXGroup;
			children = (
				9AB4C68E20AC008C00A6309C /* 编程思想练习.app */,
				9AB4C6A620AC008D00A6309C /* 编程思想练习Tests.xctest */,
				9AB4C6B120AC008D00A6309C /* 编程思想练习UITests.xctest */,
			);
			name = Products;
			sourceTree = "<group>";
		};
		9AB4C69020AC008C00A6309C /* 编程思想练习 */ = {
			isa = PBXGroup;
			children = (
				9AB4C69120AC008C00A6309C /* AppDelegate.h */,
				9AB4C69220AC008C00A6309C /* AppDelegate.m */,
				9AB4C69420AC008C00A6309C /* ViewController.h */,
				9AB4C69520AC008C00A6309C /* ViewController.m */,
				9AB4C6C320AC01A100A6309C /* CalculatorMaker.h */,
				9AB4C6C420AC01A100A6309C /* CalculatorMaker.m */,
				9AB4C6CB20AC186800A6309C /* Calculator.h */,
				9AB4C6CC20AC186800A6309C /* Calculator.m */,
				9AB4C6C820AC058F00A6309C /* KVOClass.h */,
				9AB4C6C920AC058F00A6309C /* KVOClass.m */,
				9AB4C6C620AC056500A6309C /* KVO实现原理.png */,
				9AB4C69720AC008C00A6309C /* Main.storyboard */,
				9AB4C69A20AC008D00A6309C /* Assets.xcassets */,
				9AB4C69C20AC008D00A6309C /* LaunchScreen.storyboard */,
				9AB4C69F20AC008D00A6309C /* Info.plist */,
				9AB4C6A020AC008D00A6309C /* main.m */,
			);
			path = "编程思想练习";
			sourceTree = "<group>";
		};
		9AB4C6A920AC008D00A6309C /* 编程思想练习Tests */ = {
			isa = PBXGroup;
			children = (
				9AB4C6AA20AC008D00A6309C /* ______Tests.m */,
				9AB4C6AC20AC008D00A6309C /* Info.plist */,
			);
			path = "编程思想练习Tests";
			sourceTree = "<group>";
		};
		9AB4C6B420AC008D00A6309C /* 编程思想练习UITests */ = {
			isa = PBXGroup;
			children = (
				9AB4C6B520AC008D00A6309C /* ______UITests.m */,
				9AB4C6B720AC008D00A6309C /* Info.plist */,
			);
			path = "编程思想练习UITests";
			sourceTree = "<group>";
		};
/* End PBXGroup section */

/* Begin PBXNativeTarget section */
		9AB4C68D20AC008C00A6309C /* 编程思想练习 */ = {
			isa = PBXNativeTarget;
			buildConfigurationList = 9AB4C6BA20AC008D00A6309C /* Build configuration list for PBXNativeTarget "编程思想练习" */;
			buildPhases = (
				9AB4C68A20AC008C00A6309C /* Sources */,
				9AB4C68B20AC008C00A6309C /* Frameworks */,
				9AB4C68C20AC008C00A6309C /* Resources */,
			);
			buildRules = (
			);
			dependencies = (
			);
			name = "编程思想练习";
			productName = "编程思想练习";
			productReference = 9AB4C68E20AC008C00A6309C /* 编程思想练习.app */;
			productType = "com.apple.product-type.application";
		};
		9AB4C6A520AC008D00A6309C /* 编程思想练习Tests */ = {
			isa = PBXNativeTarget;
			buildConfigurationList = 9AB4C6BD20AC008D00A6309C /* Build configuration list for PBXNativeTarget "编程思想练习Tests" */;
			buildPhases = (
				9AB4C6A220AC008D00A6309C /* Sources */,
				9AB4C6A320AC008D00A6309C /* Frameworks */,
				9AB4C6A420AC008D00A6309C /* Resources */,
			);
			buildRules = (
			);
			dependencies = (
				9AB4C6A820AC008D00A6309C /* PBXTargetDependency */,
			);
			name = "编程思想练习Tests";
			productName = "编程思想练习Tests";
			productReference = 9AB4C6A620AC008D00A6309C /* 编程思想练习Tests.xctest */;
			productType = "com.apple.product-type.bundle.unit-test";
		};
		9AB4C6B020AC008D00A6309C /* 编程思想练习UITests */ = {
			isa = PBXNativeTarget;
			buildConfigurationList = 9AB4C6C020AC008D00A6309C /* Build configuration list for PBXNativeTarget "编程思想练习UITests" */;
			buildPhases = (
				9AB4C6AD20AC008D00A6309C /* Sources */,
				9AB4C6AE20AC008D00A6309C /* Frameworks */,
				9AB4C6AF20AC008D00A6309C /* Resources */,
			);
			buildRules = (
			);
			dependencies = (
				9AB4C6B320AC008D00A6309C /* PBXTargetDependency */,
			);
			name = "编程思想练习UITests";
			productName = "编程思想练习UITests";
			productReference = 9AB4C6B120AC008D00A6309C /* 编程思想练习UITests.xctest */;
			productType = "com.apple.product-type.bundle.ui-testing";
		};
/* End PBXNativeTarget section */

/* Begin PBXProject section */
		9AB4C68620AC008C00A6309C /* Project object */ = {
			isa = PBXProject;
			attributes = {
				LastUpgradeCheck = 0930;
				ORGANIZATIONNAME = "何少博";
				TargetAttributes = {
					9AB4C68D20AC008C00A6309C = {
						CreatedOnToolsVersion = 9.3;
					};
					9AB4C6A520AC008D00A6309C = {
						CreatedOnToolsVersion = 9.3;
						TestTargetID = 9AB4C68D20AC008C00A6309C;
					};
					9AB4C6B020AC008D00A6309C = {
						CreatedOnToolsVersion = 9.3;
						TestTargetID = 9AB4C68D20AC008C00A6309C;
					};
				};
			};
			buildConfigurationList = 9AB4C68920AC008C00A6309C /* Build configuration list for PBXProject "编程思想练习" */;
			compatibilityVersion = "Xcode 9.3";
			developmentRegion = en;
			hasScannedForEncodings = 0;
			knownRegions = (
				en,
				Base,
			);
			mainGroup = 9AB4C68520AC008C00A6309C;
			productRefGroup = 9AB4C68F20AC008C00A6309C /* Products */;
			projectDirPath = "";
			projectRoot = "";
			targets = (
				9AB4C68D20AC008C00A6309C /* 编程思想练习 */,
				9AB4C6A520AC008D00A6309C /* 编程思想练习Tests */,
				9AB4C6B020AC008D00A6309C /* 编程思想练习UITests */,
			);
		};
/* End PBXProject section */

/* Begin PBXResourcesBuildPhase section */
		9AB4C68C20AC008C00A6309C /* Resources */ = {
			isa = PBXResourcesBuildPhase;
			buildActionMask = 2147483647;
			files = (
				9AB4C69E20AC008D00A6309C /* LaunchScreen.storyboard in Resources */,
				9AB4C6C720AC056500A6309C /* KVO实现原理.png in Resources */,
				9AB4C69B20AC008D00A6309C /* Assets.xcassets in Resources */,
				9AB4C69920AC008C00A6309C /* Main.storyboard in Resources */,
			);
			runOnlyForDeploymentPostprocessing = 0;
		};
		9AB4C6A420AC008D00A6309C /* Resources */ = {
			isa = PBXResourcesBuildPhase;
			buildActionMask = 2147483647;
			files = (
			);
			runOnlyForDeploymentPostprocessing = 0;
		};
		9AB4C6AF20AC008D00A6309C /* Resources */ = {
			isa = PBXResourcesBuildPhase;
			buildActionMask = 2147483647;
			files = (
			);
			runOnlyForDeploymentPostprocessing = 0;
		};
/* End PBXResourcesBuildPhase section */

/* Begin PBXSourcesBuildPhase section */
		9AB4C68A20AC008C00A6309C /* Sources */ = {
			isa = PBXSourcesBuildPhase;
			buildActionMask = 2147483647;
			files = (
				9AB4C69620AC008C00A6309C /* ViewController.m in Sources */,
				9AB4C6C520AC01A100A6309C /* CalculatorMaker.m in Sources */,
				9AB4C6CA20AC058F00A6309C /* KVOClass.m in Sources */,
				9AB4C6CD20AC186800A6309C /* Calculator.m in Sources */,
				9AB4C6A120AC008D00A6309C /* main.m in Sources */,
				9AB4C69320AC008C00A6309C /* AppDelegate.m in Sources */,
			);
			runOnlyForDeploymentPostprocessing = 0;
		};
		9AB4C6A220AC008D00A6309C /* Sources */ = {
			isa = PBXSourcesBuildPhase;
			buildActionMask = 2147483647;
			files = (
				9AB4C6AB20AC008D00A6309C /* ______Tests.m in Sources */,
			);
			runOnlyForDeploymentPostprocessing = 0;
		};
		9AB4C6AD20AC008D00A6309C /* Sources */ = {
			isa = PBXSourcesBuildPhase;
			buildActionMask = 2147483647;
			files = (
				9AB4C6B620AC008D00A6309C /* ______UITests.m in Sources */,
			);
			runOnlyForDeploymentPostprocessing = 0;
		};
/* End PBXSourcesBuildPhase section */

/* Begin PBXTargetDependency section */
		9AB4C6A820AC008D00A6309C /* PBXTargetDependency */ = {
			isa = PBXTargetDependency;
			target = 9AB4C68D20AC008C00A6309C /* 编程思想练习 */;
			targetProxy = 9AB4C6A720AC008D00A6309C /* PBXContainerItemProxy */;
		};
		9AB4C6B320AC008D00A6309C /* PBXTargetDependency */ = {
			isa = PBXTargetDependency;
			target = 9AB4C68D20AC008C00A6309C /* 编程思想练习 */;
			targetProxy = 9AB4C6B220AC008D00A6309C /* PBXContainerItemProxy */;
		};
/* End PBXTargetDependency section */

/* Begin PBXVariantGroup section */
		9AB4C69720AC008C00A6309C /* Main.storyboard */ = {
			isa = PBXVariantGroup;
			children = (
				9AB4C69820AC008C00A6309C /* Base */,
			);
			name = Main.storyboard;
			sourceTree = "<group>";
		};
		9AB4C69C20AC008D00A6309C /* LaunchScreen.storyboard */ = {
			isa = PBXVariantGroup;
			children = (
				9AB4C69D20AC008D00A6309C /* Base */,
			);
			name = LaunchScreen.storyboard;
			sourceTree = "<group>";
		};
/* End PBXVariantGroup section */

/* Begin XCBuildConfiguration section */
		9AB4C6B820AC008D00A6309C /* Debug */ = {
			isa = XCBuildConfiguration;
			buildSettings = {
				ALWAYS_SEARCH_USER_PATHS = NO;
				CLANG_ANALYZER_NONNULL = YES;
				CLANG_ANALYZER_NUMBER_OBJECT_CONVERSION = YES_AGGRESSIVE;
				CLANG_CXX_LANGUAGE_STANDARD = "gnu++14";
				CLANG_CXX_LIBRARY = "libc++";
				CLANG_ENABLE_MODULES = YES;
				CLANG_ENABLE_OBJC_ARC = YES;
				CLANG_ENABLE_OBJC_WEAK = YES;
				CLANG_WARN_BLOCK_CAPTURE_AUTORELEASING = YES;
				CLANG_WARN_BOOL_CONVERSION = YES;
				CLANG_WARN_COMMA = YES;
				CLANG_WARN_CONSTANT_CONVERSION = YES;
				CLANG_WARN_DEPRECATED_OBJC_IMPLEMENTATIONS = YES;
				CLANG_WARN_DIRECT_OBJC_ISA_USAGE = YES_ERROR;
				CLANG_WARN_DOCUMENTATION_COMMENTS = YES;
				CLANG_WARN_EMPTY_BODY = YES;
				CLANG_WARN_ENUM_CONVERSION = YES;
				CLANG_WARN_INFINITE_RECURSION = YES;
				CLANG_WARN_INT_CONVERSION = YES;
				CLANG_WARN_NON_LITERAL_NULL_CONVERSION = YES;
				CLANG_WARN_OBJC_IMPLICIT_RETAIN_SELF = YES;
				CLANG_WARN_OBJC_LITERAL_CONVERSION = YES;
				CLANG_WARN_OBJC_ROOT_CLASS = YES_ERROR;
				CLANG_WARN_RANGE_LOOP_ANALYSIS = YES;
				CLANG_WARN_STRICT_PROTOTYPES = YES;
				CLANG_WARN_SUSPICIOUS_MOVE = YES;
				CLANG_WARN_UNGUARDED_AVAILABILITY = YES_AGGRESSIVE;
				CLANG_WARN_UNREACHABLE_CODE = YES;
				CLANG_WARN__DUPLICATE_METHOD_MATCH = YES;
				CODE_SIGN_IDENTITY = "iPhone Developer";
				COPY_PHASE_STRIP = NO;
				DEBUG_INFORMATION_FORMAT = dwarf;
				ENABLE_STRICT_OBJC_MSGSEND = YES;
				ENABLE_TESTABILITY = YES;
				GCC_C_LANGUAGE_STANDARD = gnu11;
				GCC_DYNAMIC_NO_PIC = NO;
				GCC_NO_COMMON_BLOCKS = YES;
				GCC_OPTIMIZATION_LEVEL = 0;
				GCC_PREPROCESSOR_DEFINITIONS = (
					"DEBUG=1",
					"$(inherited)",
				);
				GCC_WARN_64_TO_32_BIT_CONVERSION = YES;
				GCC_WARN_ABOUT_RETURN_TYPE = YES_ERROR;
				GCC_WARN_UNDECLARED_SELECTOR = YES;
				GCC_WARN_UNINITIALIZED_AUTOS = YES_AGGRESSIVE;
				GCC_WARN_UNUSED_FUNCTION = YES;
				GCC_WARN_UNUSED_VARIABLE = YES;
				IPHONEOS_DEPLOYMENT_TARGET = 11.3;
				MTL_ENABLE_DEBUG_INFO = YES;
				ONLY_ACTIVE_ARCH = YES;
				SDKROOT = iphoneos;
			};
			name = Debug;
		};
		9AB4C6B920AC008D00A6309C /* Release */ = {
			isa = XCBuildConfiguration;
			buildSettings = {
				ALWAYS_SEARCH_USER_PATHS = NO;
				CLANG_ANALYZER_NONNULL = YES;
				CLANG_ANALYZER_NUMBER_OBJECT_CONVERSION = YES_AGGRESSIVE;
				CLANG_CXX_LANGUAGE_STANDARD = "gnu++14";
				CLANG_CXX_LIBRARY = "libc++";
				CLANG_ENABLE_MODULES = YES;
				CLANG_ENABLE_OBJC_ARC = YES;
				CLANG_ENABLE_OBJC_WEAK = YES;
				CLANG_WARN_BLOCK_CAPTURE_AUTORELEASING = YES;
				CLANG_WARN_BOOL_CONVERSION = YES;
				CLANG_WARN_COMMA = YES;
				CLANG_WARN_CONSTANT_CONVERSION = YES;
				CLANG_WARN_DEPRECATED_OBJC_IMPLEMENTATIONS = YES;
				CLANG_WARN_DIRECT_OBJC_ISA_USAGE = YES_ERROR;
				CLANG_WARN_DOCUMENTATION_COMMENTS = YES;
				CLANG_WARN_EMPTY_BODY = YES;
				CLANG_WARN_ENUM_CONVERSION = YES;
				CLANG_WARN_INFINITE_RECURSION = YES;
				CLANG_WARN_INT_CONVERSION = YES;
				CLANG_WARN_NON_LITERAL_NULL_CONVERSION = YES;
				CLANG_WARN_OBJC_IMPLICIT_RETAIN_SELF = YES;
				CLANG_WARN_OBJC_LITERAL_CONVERSION = YES;
				CLANG_WARN_OBJC_ROOT_CLASS = YES_ERROR;
				CLANG_WARN_RANGE_LOOP_ANALYSIS = YES;
				CLANG_WARN_STRICT_PROTOTYPES = YES;
				CLANG_WARN_SUSPICIOUS_MOVE = YES;
				CLANG_WARN_UNGUARDED_AVAILABILITY = YES_AGGRESSIVE;
				CLANG_WARN_UNREACHABLE_CODE = YES;
				CLANG_WARN__DUPLICATE_METHOD_MATCH = YES;
				CODE_SIGN_IDENTITY = "iPhone Developer";
				COPY_PHASE_STRIP = NO;
				DEBUG_INFORMATION_FORMAT = "dwarf-with-dsym";
				ENABLE_NS_ASSERTIONS = NO;
				ENABLE_STRICT_OBJC_MSGSEND = YES;
				GCC_C_LANGUAGE_STANDARD = gnu11;
				GCC_NO_COMMON_BLOCKS = YES;
				GCC_WARN_64_TO_32_BIT_CONVERSION = YES;
				GCC_WARN_ABOUT_RETURN_TYPE = YES_ERROR;
				GCC_WARN_UNDECLARED_SELECTOR = YES;
				GCC_WARN_UNINITIALIZED_AUTOS = YES_AGGRESSIVE;
				GCC_WARN_UNUSED_FUNCTION = YES;
				GCC_WARN_UNUSED_VARIABLE = YES;
				IPHONEOS_DEPLOYMENT_TARGET = 11.3;
				MTL_ENABLE_DEBUG_INFO = NO;
				SDKROOT = iphoneos;
				VALIDATE_PRODUCT = YES;
			};
			name = Release;
		};
		9AB4C6BB20AC008D00A6309C /* Debug */ = {
			isa = XCBuildConfiguration;
			buildSettings = {
				ASSETCATALOG_COMPILER_APPICON_NAME = AppIcon;
				CODE_SIGN_STYLE = Automatic;
				INFOPLIST_FILE = "编程思想练习/Info.plist";
				LD_RUNPATH_SEARCH_PATHS = (
					"$(inherited)",
					"@executable_path/Frameworks",
				);
				PRODUCT_BUNDLE_IDENTIFIER = "com.hsb.------";
				PRODUCT_NAME = "$(TARGET_NAME)";
				TARGETED_DEVICE_FAMILY = "1,2";
			};
			name = Debug;
		};
		9AB4C6BC20AC008D00A6309C /* Release */ = {
			isa = XCBuildConfiguration;
			buildSettings = {
				ASSETCATALOG_COMPILER_APPICON_NAME = AppIcon;
				CODE_SIGN_STYLE = Automatic;
				INFOPLIST_FILE = "编程思想练习/Info.plist";
				LD_RUNPATH_SEARCH_PATHS = (
					"$(inherited)",
					"@executable_path/Frameworks",
				);
				PRODUCT_BUNDLE_IDENTIFIER = "com.hsb.------";
				PRODUCT_NAME = "$(TARGET_NAME)";
				TARGETED_DEVICE_FAMILY = "1,2";
			};
			name = Release;
		};
		9AB4C6BE20AC008D00A6309C /* Debug */ = {
			isa = XCBuildConfiguration;
			buildSettings = {
				BUNDLE_LOADER = "$(TEST_HOST)";
				CODE_SIGN_STYLE = Automatic;
				INFOPLIST_FILE = "编程思想练习Tests/Info.plist";
				LD_RUNPATH_SEARCH_PATHS = (
					"$(inherited)",
					"@executable_path/Frameworks",
					"@loader_path/Frameworks",
				);
				PRODUCT_BUNDLE_IDENTIFIER = "com.hsb.------Tests";
				PRODUCT_NAME = "$(TARGET_NAME)";
				TARGETED_DEVICE_FAMILY = "1,2";
				TEST_HOST = "$(BUILT_PRODUCTS_DIR)/编程思想练习.app/编程思想练习";
			};
			name = Debug;
		};
		9AB4C6BF20AC008D00A6309C /* Release */ = {
			isa = XCBuildConfiguration;
			buildSettings = {
				BUNDLE_LOADER = "$(TEST_HOST)";
				CODE_SIGN_STYLE = Automatic;
				INFOPLIST_FILE = "编程思想练习Tests/Info.plist";
				LD_RUNPATH_SEARCH_PATHS = (
					"$(inherited)",
					"@executable_path/Frameworks",
					"@loader_path/Frameworks",
				);
				PRODUCT_BUNDLE_IDENTIFIER = "com.hsb.------Tests";
				PRODUCT_NAME = "$(TARGET_NAME)";
				TARGETED_DEVICE_FAMILY = "1,2";
				TEST_HOST = "$(BUILT_PRODUCTS_DIR)/编程思想练习.app/编程思想练习";
			};
			name = Release;
		};
		9AB4C6C120AC008D00A6309C /* Debug */ = {
			isa = XCBuildConfiguration;
			buildSettings = {
				CODE_SIGN_STYLE = Automatic;
				INFOPLIST_FILE = "编程思想练习UITests/Info.plist";
				LD_RUNPATH_SEARCH_PATHS = (
					"$(inherited)",
					"@executable_path/Frameworks",
					"@loader_path/Frameworks",
				);
				PRODUCT_BUNDLE_IDENTIFIER = "com.hsb.------UITests";
				PRODUCT_NAME = "$(TARGET_NAME)";
				TARGETED_DEVICE_FAMILY = "1,2";
				TEST_TARGET_NAME = "编程思想练习";
			};
			name = Debug;
		};
		9AB4C6C220AC008D00A6309C /* Release */ = {
			isa = XCBuildConfiguration;
			buildSettings = {
				CODE_SIGN_STYLE = Automatic;
				INFOPLIST_FILE = "编程思想练习UITests/Info.plist";
				LD_RUNPATH_SEARCH_PATHS = (
					"$(inherited)",
					"@executable_path/Frameworks",
					"@loader_path/Frameworks",
				);
				PRODUCT_BUNDLE_IDENTIFIER = "com.hsb.------UITests";
				PRODUCT_NAME = "$(TARGET_NAME)";
				TARGETED_DEVICE_FAMILY = "1,2";
				TEST_TARGET_NAME = "编程思想练习";
			};
			name = Release;
		};
/* End XCBuildConfiguration section */

/* Begin XCConfigurationList section */
		9AB4C68920AC008C00A6309C /* Build configuration list for PBXProject "编程思想练习" */ = {
			isa = XCConfigurationList;
			buildConfigurations = (
				9AB4C6B820AC008D00A6309C /* Debug */,
				9AB4C6B920AC008D00A6309C /* Release */,
			);
			defaultConfigurationIsVisible = 0;
			defaultConfigurationName = Release;
		};
		9AB4C6BA20AC008D00A6309C /* Build configuration list for PBXNativeTarget "编程思想练习" */ = {
			isa = XCConfigurationList;
			buildConfigurations = (
				9AB4C6BB20AC008D00A6309C /* Debug */,
				9AB4C6BC20AC008D00A6309C /* Release */,
			);
			defaultConfigurationIsVisible = 0;
			defaultConfigurationName = Release;
		};
		9AB4C6BD20AC008D00A6309C /* Build configuration list for PBXNativeTarget "编程思想练习Tests" */ = {
			isa = XCConfigurationList;
			buildConfigurations = (
				9AB4C6BE20AC008D00A6309C /* Debug */,
				9AB4C6BF20AC008D00A6309C /* Release */,
			);
			defaultConfigurationIsVisible = 0;
			defaultConfigurationName = Release;
		};
		9AB4C6C020AC008D00A6309C /* Build configuration list for PBXNativeTarget "编程思想练习UITests" */ = {
			isa = XCConfigurationList;
			buildConfigurations = (
				9AB4C6C120AC008D00A6309C /* Debug */,
				9AB4C6C220AC008D00A6309C /* Release */,
			);
			defaultConfigurationIsVisible = 0;
			defaultConfigurationName = Release;
		};
/* End XCConfigurationList section */
	};
	rootObject = 9AB4C68620AC008C00A6309C /* Project object */;
}
